// !$*UTF8*$!
{
	archiveVersion = 1;
	classes = {
	};
	objectVersion = 46;
	objects = {

/* Begin PBXBuildFile section */
		AC1333A01AFC21C900C4190A /* main.m in Sources */ = {isa = PBXBuildFile; fileRef = AC13339F1AFC21C900C4190A /* main.m */; };
		AC1333A31AFC21C900C4190A /* AppDelegate.m in Sources */ = {isa = PBXBuildFile; fileRef = AC1333A21AFC21C900C4190A /* AppDelegate.m */; };
		AC1333A61AFC21C900C4190A /* ViewController.m in Sources */ = {isa = PBXBuildFile; fileRef = AC1333A51AFC21C900C4190A /* ViewController.m */; };
		AC1333A91AFC21C900C4190A /* Main.storyboard in Resources */ = {isa = PBXBuildFile; fileRef = AC1333A71AFC21C900C4190A /* Main.storyboard */; };
		AC1333AB1AFC21C900C4190A /* Images.xcassets in Resources */ = {isa = PBXBuildFile; fileRef = AC1333AA1AFC21C900C4190A /* Images.xcassets */; };
		AC1333AE1AFC21C900C4190A /* LaunchScreen.xib in Resources */ = {isa = PBXBuildFile; fileRef = AC1333AC1AFC21C900C4190A /* LaunchScreen.xib */; };
		AC1333BA1AFC21C900C4190A /* GeoPatternTests.m in Sources */ = {isa = PBXBuildFile; fileRef = AC1333B91AFC21C900C4190A /* GeoPatternTests.m */; };
		AC1333C71AFC21FA00C4190A /* Graphics.m in Sources */ = {isa = PBXBuildFile; fileRef = AC1333C61AFC21FA00C4190A /* Graphics.m */; };
		AC1333CA1AFC229300C4190A /* GeoPatternView.m in Sources */ = {isa = PBXBuildFile; fileRef = AC1333C91AFC229300C4190A /* GeoPatternView.m */; };
		AC1333CC1AFC234100C4190A /* CoreGraphics.framework in Frameworks */ = {isa = PBXBuildFile; fileRef = AC1333CB1AFC234100C4190A /* CoreGraphics.framework */; };
		AC1333CF1AFC257A00C4190A /* Pattern.m in Sources */ = {isa = PBXBuildFile; fileRef = AC1333CE1AFC257A00C4190A /* Pattern.m */; };
		AC3AF5281AFD51E700369800 /* UIColor+Conversions.m in Sources */ = {isa = PBXBuildFile; fileRef = AC3AF5271AFD51E700369800 /* UIColor+Conversions.m */; };
		AC41D91B1B02FB82003C5FE2 /* GeoPatternConstants.m in Sources */ = {isa = PBXBuildFile; fileRef = AC41D91A1B02FB82003C5FE2 /* GeoPatternConstants.m */; };
		ACDD1FD81AFD132B00C30D1E /* Security.framework in Frameworks */ = {isa = PBXBuildFile; fileRef = ACDD1FD71AFD132B00C30D1E /* Security.framework */; };
/* End PBXBuildFile section */

/* Begin PBXContainerItemProxy section */
		AC1333B41AFC21C900C4190A /* PBXContainerItemProxy */ = {
			isa = PBXContainerItemProxy;
			containerPortal = AC1333921AFC21C900C4190A /* Project object */;
			proxyType = 1;
			remoteGlobalIDString = AC1333991AFC21C900C4190A;
			remoteInfo = GeoPattern;
		};
/* End PBXContainerItemProxy section */

/* Begin PBXFileReference section */
		AC13339A1AFC21C900C4190A /* GeoPattern.app */ = {isa = PBXFileReference; explicitFileType = wrapper.application; includeInIndex = 0; path = GeoPattern.app; sourceTree = BUILT_PRODUCTS_DIR; };
		AC13339E1AFC21C900C4190A /* Info.plist */ = {isa = PBXFileReference; lastKnownFileType = text.plist.xml; path = Info.plist; sourceTree = "<group>"; };
		AC13339F1AFC21C900C4190A /* main.m */ = {isa = PBXFileReference; lastKnownFileType = sourcecode.c.objc; path = main.m; sourceTree = "<group>"; };
		AC1333A11AFC21C900C4190A /* AppDelegate.h */ = {isa = PBXFileReference; lastKnownFileType = sourcecode.c.h; path = AppDelegate.h; sourceTree = "<group>"; };
		AC1333A21AFC21C900C4190A /* AppDelegate.m */ = {isa = PBXFileReference; lastKnownFileType = sourcecode.c.objc; path = AppDelegate.m; sourceTree = "<group>"; };
		AC1333A41AFC21C900C4190A /* ViewController.h */ = {isa = PBXFileReference; lastKnownFileType = sourcecode.c.h; path = ViewController.h; sourceTree = "<group>"; };
		AC1333A51AFC21C900C4190A /* ViewController.m */ = {isa = PBXFileReference; lastKnownFileType = sourcecode.c.objc; path = ViewController.m; sourceTree = "<group>"; };
		AC1333A81AFC21C900C4190A /* Base */ = {isa = PBXFileReference; lastKnownFileType = file.storyboard; name = Base; path = Base.lproj/Main.storyboard; sourceTree = "<group>"; };
		AC1333AA1AFC21C900C4190A /* Images.xcassets */ = {isa = PBXFileReference; lastKnownFileType = folder.assetcatalog; path = Images.xcassets; sourceTree = "<group>"; };
		AC1333AD1AFC21C900C4190A /* Base */ = {isa = PBXFileReference; lastKnownFileType = file.xib; name = Base; path = Base.lproj/LaunchScreen.xib; sourceTree = "<group>"; };
		AC1333B31AFC21C900C4190A /* GeoPatternTests.xctest */ = {isa = PBXFileReference; explicitFileType = wrapper.cfbundle; includeInIndex = 0; path = GeoPatternTests.xctest; sourceTree = BUILT_PRODUCTS_DIR; };
		AC1333B81AFC21C900C4190A /* Info.plist */ = {isa = PBXFileReference; lastKnownFileType = text.plist.xml; path = Info.plist; sourceTree = "<group>"; };
		AC1333B91AFC21C900C4190A /* GeoPatternTests.m */ = {isa = PBXFileReference; lastKnownFileType = sourcecode.c.objc; path = GeoPatternTests.m; sourceTree = "<group>"; };
		AC1333C51AFC21FA00C4190A /* Graphics.h */ = {isa = PBXFileReference; fileEncoding = 4; lastKnownFileType = sourcecode.c.h; name = Graphics.h; path = Geopattern/Graphics.h; sourceTree = "<group>"; };
		AC1333C61AFC21FA00C4190A /* Graphics.m */ = {isa = PBXFileReference; fileEncoding = 4; lastKnownFileType = sourcecode.c.objc; name = Graphics.m; path = Geopattern/Graphics.m; sourceTree = "<group>"; };
		AC1333C81AFC229300C4190A /* GeoPatternView.h */ = {isa = PBXFileReference; fileEncoding = 4; lastKnownFileType = sourcecode.c.h; name = GeoPatternView.h; path = Geopattern/GeoPatternView.h; sourceTree = "<group>"; };
		AC1333C91AFC229300C4190A /* GeoPatternView.m */ = {isa = PBXFileReference; fileEncoding = 4; lastKnownFileType = sourcecode.c.objc; name = GeoPatternView.m; path = Geopattern/GeoPatternView.m; sourceTree = "<group>"; };
		AC1333CB1AFC234100C4190A /* CoreGraphics.framework */ = {isa = PBXFileReference; lastKnownFileType = wrapper.framework; name = CoreGraphics.framework; path = System/Library/Frameworks/CoreGraphics.framework; sourceTree = SDKROOT; };
		AC1333CD1AFC257A00C4190A /* Pattern.h */ = {isa = PBXFileReference; fileEncoding = 4; lastKnownFileType = sourcecode.c.h; name = Pattern.h; path = Geopattern/Pattern.h; sourceTree = "<group>"; };
		AC1333CE1AFC257A00C4190A /* Pattern.m */ = {isa = PBXFileReference; fileEncoding = 4; lastKnownFileType = sourcecode.c.objc; name = Pattern.m; path = Geopattern/Pattern.m; sourceTree = "<group>"; };
		AC3AF5261AFD51E700369800 /* UIColor+Conversions.h */ = {isa = PBXFileReference; fileEncoding = 4; lastKnownFileType = sourcecode.c.h; name = "UIColor+Conversions.h"; path = "Geopattern/UIColor+Conversions.h"; sourceTree = "<group>"; };
		AC3AF5271AFD51E700369800 /* UIColor+Conversions.m */ = {isa = PBXFileReference; fileEncoding = 4; lastKnownFileType = sourcecode.c.objc; name = "UIColor+Conversions.m"; path = "Geopattern/UIColor+Conversions.m"; sourceTree = "<group>"; };
		AC41D9181B02FAEC003C5FE2 /* GeoPatterns.h */ = {isa = PBXFileReference; lastKnownFileType = sourcecode.c.h; path = GeoPatterns.h; sourceTree = "<group>"; };
		AC41D9191B02FB82003C5FE2 /* GeoPatternConstants.h */ = {isa = PBXFileReference; fileEncoding = 4; lastKnownFileType = sourcecode.c.h; name = GeoPatternConstants.h; path = Geopattern/GeoPatternConstants.h; sourceTree = "<group>"; };
		AC41D91A1B02FB82003C5FE2 /* GeoPatternConstants.m */ = {isa = PBXFileReference; fileEncoding = 4; lastKnownFileType = sourcecode.c.objc; name = GeoPatternConstants.m; path = Geopattern/GeoPatternConstants.m; sourceTree = "<group>"; };
		ACDD1FD71AFD132B00C30D1E /* Security.framework */ = {isa = PBXFileReference; lastKnownFileType = wrapper.framework; name = Security.framework; path = System/Library/Frameworks/Security.framework; sourceTree = SDKROOT; };
/* End PBXFileReference section */

/* Begin PBXFrameworksBuildPhase section */
		AC1333971AFC21C900C4190A /* Frameworks */ = {
			isa = PBXFrameworksBuildPhase;
			buildActionMask = 2147483647;
			files = (
				ACDD1FD81AFD132B00C30D1E /* Security.framework in Frameworks */,
				AC1333CC1AFC234100C4190A /* CoreGraphics.framework in Frameworks */,
			);
			runOnlyForDeploymentPostprocessing = 0;
		};
		AC1333B01AFC21C900C4190A /* Frameworks */ = {
			isa = PBXFrameworksBuildPhase;
			buildActionMask = 2147483647;
			files = (
			);
			runOnlyForDeploymentPostprocessing = 0;
		};
/* End PBXFrameworksBuildPhase section */

/* Begin PBXGroup section */
		AC1333911AFC21C900C4190A = {
			isa = PBXGroup;
			children = (
				ACDD1FD71AFD132B00C30D1E /* Security.framework */,
				AC1333CB1AFC234100C4190A /* CoreGraphics.framework */,
				AC13339C1AFC21C900C4190A /* GeoPattern */,
				AC1333B61AFC21C900C4190A /* GeoPatternTests */,
				AC13339B1AFC21C900C4190A /* Products */,
			);
			sourceTree = "<group>";
		};
		AC13339B1AFC21C900C4190A /* Products */ = {
			isa = PBXGroup;
			children = (
				AC13339A1AFC21C900C4190A /* GeoPattern.app */,
				AC1333B31AFC21C900C4190A /* GeoPatternTests.xctest */,
			);
			name = Products;
			sourceTree = "<group>";
		};
		AC13339C1AFC21C900C4190A /* GeoPattern */ = {
			isa = PBXGroup;
			children = (
				AC1333C41AFC21D700C4190A /* GeoPattern */,
				AC1333C31AFC21D000C4190A /* App */,
				AC13339D1AFC21C900C4190A /* Supporting Files */,
			);
			path = GeoPattern;
			sourceTree = "<group>";
		};
		AC13339D1AFC21C900C4190A /* Supporting Files */ = {
			isa = PBXGroup;
			children = (
				AC13339E1AFC21C900C4190A /* Info.plist */,
				AC13339F1AFC21C900C4190A /* main.m */,
			);
			name = "Supporting Files";
			sourceTree = "<group>";
		};
		AC1333B61AFC21C900C4190A /* GeoPatternTests */ = {
			isa = PBXGroup;
			children = (
				AC1333B91AFC21C900C4190A /* GeoPatternTests.m */,
				AC1333B71AFC21C900C4190A /* Supporting Files */,
			);
			path = GeoPatternTests;
			sourceTree = "<group>";
		};
		AC1333B71AFC21C900C4190A /* Supporting Files */ = {
			isa = PBXGroup;
			children = (
				AC1333B81AFC21C900C4190A /* Info.plist */,
			);
			name = "Supporting Files";
			sourceTree = "<group>";
		};
		AC1333C31AFC21D000C4190A /* App */ = {
			isa = PBXGroup;
			children = (
				AC1333A11AFC21C900C4190A /* AppDelegate.h */,
				AC1333A21AFC21C900C4190A /* AppDelegate.m */,
				AC1333A41AFC21C900C4190A /* ViewController.h */,
				AC1333A51AFC21C900C4190A /* ViewController.m */,
				AC1333A71AFC21C900C4190A /* Main.storyboard */,
				AC1333AA1AFC21C900C4190A /* Images.xcassets */,
				AC1333AC1AFC21C900C4190A /* LaunchScreen.xib */,
			);
			name = App;
			sourceTree = "<group>";
		};
		AC1333C41AFC21D700C4190A /* GeoPattern */ = {
			isa = PBXGroup;
			children = (
				AC41D9181B02FAEC003C5FE2 /* GeoPatterns.h */,
				AC1333D31AFC3FE700C4190A /* Helpers */,
				AC1333C81AFC229300C4190A /* GeoPatternView.h */,
				AC1333C91AFC229300C4190A /* GeoPatternView.m */,
			);
			name = GeoPattern;
			sourceTree = "<group>";
		};
		AC1333D31AFC3FE700C4190A /* Helpers */ = {
			isa = PBXGroup;
			children = (
				AC3AF5261AFD51E700369800 /* UIColor+Conversions.h */,
				AC3AF5271AFD51E700369800 /* UIColor+Conversions.m */,
				AC41D9191B02FB82003C5FE2 /* GeoPatternConstants.h */,
				AC41D91A1B02FB82003C5FE2 /* GeoPatternConstants.m */,
				AC1333C51AFC21FA00C4190A /* Graphics.h */,
				AC1333C61AFC21FA00C4190A /* Graphics.m */,
				AC1333CD1AFC257A00C4190A /* Pattern.h */,
				AC1333CE1AFC257A00C4190A /* Pattern.m */,
			);
			name = Helpers;
			sourceTree = "<group>";
		};
/* End PBXGroup section */

/* Begin PBXNativeTarget section */
		AC1333991AFC21C900C4190A /* GeoPattern */ = {
			isa = PBXNativeTarget;
			buildConfigurationList = AC1333BD1AFC21C900C4190A /* Build configuration list for PBXNativeTarget "GeoPattern" */;
			buildPhases = (
				AC1333961AFC21C900C4190A /* Sources */,
				AC1333971AFC21C900C4190A /* Frameworks */,
				AC1333981AFC21C900C4190A /* Resources */,
			);
			buildRules = (
			);
			dependencies = (
			);
			name = GeoPattern;
			productName = GeoPattern;
			productReference = AC13339A1AFC21C900C4190A /* GeoPattern.app */;
			productType = "com.apple.product-type.application";
		};
		AC1333B21AFC21C900C4190A /* GeoPatternTests */ = {
			isa = PBXNativeTarget;
			buildConfigurationList = AC1333C01AFC21C900C4190A /* Build configuration list for PBXNativeTarget "GeoPatternTests" */;
			buildPhases = (
				AC1333AF1AFC21C900C4190A /* Sources */,
				AC1333B01AFC21C900C4190A /* Frameworks */,
				AC1333B11AFC21C900C4190A /* Resources */,
			);
			buildRules = (
			);
			dependencies = (
				AC1333B51AFC21C900C4190A /* PBXTargetDependency */,
			);
			name = GeoPatternTests;
			productName = GeoPatternTests;
			productReference = AC1333B31AFC21C900C4190A /* GeoPatternTests.xctest */;
			productType = "com.apple.product-type.bundle.unit-test";
		};
/* End PBXNativeTarget section */

/* Begin PBXProject section */
		AC1333921AFC21C900C4190A /* Project object */ = {
			isa = PBXProject;
			attributes = {
				LastUpgradeCheck = 0630;
				ORGANIZATIONNAME = MF;
				TargetAttributes = {
					AC1333991AFC21C900C4190A = {
						CreatedOnToolsVersion = 6.3.1;
					};
					AC1333B21AFC21C900C4190A = {
						CreatedOnToolsVersion = 6.3.1;
						TestTargetID = AC1333991AFC21C900C4190A;
					};
				};
			};
			buildConfigurationList = AC1333951AFC21C900C4190A /* Build configuration list for PBXProject "GeoPattern" */;
			compatibilityVersion = "Xcode 3.2";
			developmentRegion = English;
			hasScannedForEncodings = 0;
			knownRegions = (
				en,
				Base,
			);
			mainGroup = AC1333911AFC21C900C4190A;
			productRefGroup = AC13339B1AFC21C900C4190A /* Products */;
			projectDirPath = "";
			projectRoot = "";
			targets = (
				AC1333991AFC21C900C4190A /* GeoPattern */,
				AC1333B21AFC21C900C4190A /* GeoPatternTests */,
			);
		};
/* End PBXProject section */

/* Begin PBXResourcesBuildPhase section */
		AC1333981AFC21C900C4190A /* Resources */ = {
			isa = PBXResourcesBuildPhase;
			buildActionMask = 2147483647;
			files = (
				AC1333A91AFC21C900C4190A /* Main.storyboard in Resources */,
				AC1333AE1AFC21C900C4190A /* LaunchScreen.xib in Resources */,
				AC1333AB1AFC21C900C4190A /* Images.xcassets in Resources */,
			);
			runOnlyForDeploymentPostprocessing = 0;
		};
		AC1333B11AFC21C900C4190A /* Resources */ = {
			isa = PBXResourcesBuildPhase;
			buildActionMask = 2147483647;
			files = (
			);
			runOnlyForDeploymentPostprocessing = 0;
		};
/* End PBXResourcesBuildPhase section */

/* Begin PBXSourcesBuildPhase section */
		AC1333961AFC21C900C4190A /* Sources */ = {
			isa = PBXSourcesBuildPhase;
			buildActionMask = 2147483647;
			files = (
				AC1333CF1AFC257A00C4190A /* Pattern.m in Sources */,
				AC1333CA1AFC229300C4190A /* GeoPatternView.m in Sources */,
				AC1333A61AFC21C900C4190A /* ViewController.m in Sources */,
				AC3AF5281AFD51E700369800 /* UIColor+Conversions.m in Sources */,
				AC1333A31AFC21C900C4190A /* AppDelegate.m in Sources */,
				AC1333C71AFC21FA00C4190A /* Graphics.m in Sources */,
				AC41D91B1B02FB82003C5FE2 /* GeoPatternConstants.m in Sources */,
				AC1333A01AFC21C900C4190A /* main.m in Sources */,
			);
			runOnlyForDeploymentPostprocessing = 0;
		};
		AC1333AF1AFC21C900C4190A /* Sources */ = {
			isa = PBXSourcesBuildPhase;
			buildActionMask = 2147483647;
			files = (
				AC1333BA1AFC21C900C4190A /* GeoPatternTests.m in Sources */,
			);
			runOnlyForDeploymentPostprocessing = 0;
		};
/* End PBXSourcesBuildPhase section */

/* Begin PBXTargetDependency section */
		AC1333B51AFC21C900C4190A /* PBXTargetDependency */ = {
			isa = PBXTargetDependency;
			target = AC1333991AFC21C900C4190A /* GeoPattern */;
			targetProxy = AC1333B41AFC21C900C4190A /* PBXContainerItemProxy */;
		};
/* End PBXTargetDependency section */

/* Begin PBXVariantGroup section */
		AC1333A71AFC21C900C4190A /* Main.storyboard */ = {
			isa = PBXVariantGroup;
			children = (
				AC1333A81AFC21C900C4190A /* Base */,
			);
			name = Main.storyboard;
			sourceTree = "<group>";
		};
		AC1333AC1AFC21C900C4190A /* LaunchScreen.xib */ = {
			isa = PBXVariantGroup;
			children = (
				AC1333AD1AFC21C900C4190A /* Base */,
			);
			name = LaunchScreen.xib;
			sourceTree = "<group>";
		};
/* End PBXVariantGroup section */

/* Begin XCBuildConfiguration section */
		AC1333BB1AFC21C900C4190A /* Debug */ = {
			isa = XCBuildConfiguration;
			buildSettings = {
				ALWAYS_SEARCH_USER_PATHS = NO;
				CLANG_CXX_LANGUAGE_STANDARD = "gnu++0x";
				CLANG_CXX_LIBRARY = "libc++";
				CLANG_ENABLE_MODULES = YES;
				CLANG_ENABLE_OBJC_ARC = YES;
				CLANG_WARN_BOOL_CONVERSION = YES;
				CLANG_WARN_CONSTANT_CONVERSION = YES;
				CLANG_WARN_DIRECT_OBJC_ISA_USAGE = YES_ERROR;
				CLANG_WARN_EMPTY_BODY = YES;
				CLANG_WARN_ENUM_CONVERSION = YES;
				CLANG_WARN_INT_CONVERSION = YES;
				CLANG_WARN_OBJC_ROOT_CLASS = YES_ERROR;
				CLANG_WARN_UNREACHABLE_CODE = YES;
				CLANG_WARN__DUPLICATE_METHOD_MATCH = YES;
				"CODE_SIGN_IDENTITY[sdk=iphoneos*]" = "iPhone Developer";
				COPY_PHASE_STRIP = NO;
				DEBUG_INFORMATION_FORMAT = "dwarf-with-dsym";
				ENABLE_STRICT_OBJC_MSGSEND = YES;
				GCC_C_LANGUAGE_STANDARD = gnu99;
				GCC_DYNAMIC_NO_PIC = NO;
				GCC_NO_COMMON_BLOCKS = YES;
				GCC_OPTIMIZATION_LEVEL = 0;
				GCC_PREPROCESSOR_DEFINITIONS = (
					"DEBUG=1",
					"$(inherited)",
				);
				GCC_SYMBOLS_PRIVATE_EXTERN = NO;
				GCC_WARN_64_TO_32_BIT_CONVERSION = YES;
				GCC_WARN_ABOUT_RETURN_TYPE = YES_ERROR;
				GCC_WARN_UNDECLARED_SELECTOR = YES;
				GCC_WARN_UNINITIALIZED_AUTOS = YES_AGGRESSIVE;
				GCC_WARN_UNUSED_FUNCTION = YES;
				GCC_WARN_UNUSED_VARIABLE = YES;
				IPHONEOS_DEPLOYMENT_TARGET = 8.3;
				MTL_ENABLE_DEBUG_INFO = YES;
				ONLY_ACTIVE_ARCH = YES;
				SDKROOT = iphoneos;
			};
			name = Debug;
		};
		AC1333BC1AFC21C900C4190A /* Release */ = {
			isa = XCBuildConfiguration;
			buildSettings = {
				ALWAYS_SEARCH_USER_PATHS = NO;
				CLANG_CXX_LANGUAGE_STANDARD = "gnu++0x";
				CLANG_CXX_LIBRARY = "libc++";
				CLANG_ENABLE_MODULES = YES;
				CLANG_ENABLE_OBJC_ARC = YES;
				CLANG_WARN_BOOL_CONVERSION = YES;
				CLANG_WARN_CONSTANT_CONVERSION = YES;
				CLANG_WARN_DIRECT_OBJC_ISA_USAGE = YES_ERROR;
				CLANG_WARN_EMPTY_BODY = YES;
				CLANG_WARN_ENUM_CONVERSION = YES;
				CLANG_WARN_INT_CONVERSION = YES;
				CLANG_WARN_OBJC_ROOT_CLASS = YES_ERROR;
				CLANG_WARN_UNREACHABLE_CODE = YES;
				CLANG_WARN__DUPLICATE_METHOD_MATCH = YES;
				"CODE_SIGN_IDENTITY[sdk=iphoneos*]" = "iPhone Developer";
				COPY_PHASE_STRIP = NO;
				DEBUG_INFORMATION_FORMAT = "dwarf-with-dsym";
				ENABLE_NS_ASSERTIONS = NO;
				ENABLE_STRICT_OBJC_MSGSEND = YES;
				GCC_C_LANGUAGE_STANDARD = gnu99;
				GCC_NO_COMMON_BLOCKS = YES;
				GCC_WARN_64_TO_32_BIT_CONVERSION = YES;
				GCC_WARN_ABOUT_RETURN_TYPE = YES_ERROR;
				GCC_WARN_UNDECLARED_SELECTOR = YES;
				GCC_WARN_UNINITIALIZED_AUTOS = YES_AGGRESSIVE;
				GCC_WARN_UNUSED_FUNCTION = YES;
				GCC_WARN_UNUSED_VARIABLE = YES;
				IPHONEOS_DEPLOYMENT_TARGET = 8.3;
				MTL_ENABLE_DEBUG_INFO = NO;
				SDKROOT = iphoneos;
				VALIDATE_PRODUCT = YES;
			};
			name = Release;
		};
		AC1333BE1AFC21C900C4190A /* Debug */ = {
			isa = XCBuildConfiguration;
			buildSettings = {
				ASSETCATALOG_COMPILER_APPICON_NAME = AppIcon;
				INFOPLIST_FILE = GeoPattern/Info.plist;
				LD_RUNPATH_SEARCH_PATHS = "$(inherited) @executable_path/Frameworks";
				LIBRARY_SEARCH_PATHS = (
					"$(inherited)",
					"$(SDKROOT)/usr/lib/system",
				);
				PRODUCT_NAME = "$(TARGET_NAME)";
			};
			name = Debug;
		};
		AC1333BF1AFC21C900C4190A /* Release */ = {
			isa = XCBuildConfiguration;
			buildSettings = {
				ASSETCATALOG_COMPILER_APPICON_NAME = AppIcon;
				INFOPLIST_FILE = GeoPattern/Info.plist;
				LD_RUNPATH_SEARCH_PATHS = "$(inherited) @executable_path/Frameworks";
				LIBRARY_SEARCH_PATHS = (
					"$(inherited)",
					"$(SDKROOT)/usr/lib/system",
				);
				PRODUCT_NAME = "$(TARGET_NAME)";
			};
			name = Release;
		};
		AC1333C11AFC21C900C4190A /* Debug */ = {
			isa = XCBuildConfiguration;
			buildSettings = {
				BUNDLE_LOADER = "$(TEST_HOST)";
				FRAMEWORK_SEARCH_PATHS = (
					"$(SDKROOT)/Developer/Library/Frameworks",
					"$(inherited)",
				);
				GCC_PREPROCESSOR_DEFINITIONS = (
					"DEBUG=1",
					"$(inherited)",
				);
				INFOPLIST_FILE = GeoPatternTests/Info.plist;
				LD_RUNPATH_SEARCH_PATHS = "$(inherited) @executable_path/Frameworks @loader_path/Frameworks";
				PRODUCT_NAME = "$(TARGET_NAME)";
				TEST_HOST = "$(BUILT_PRODUCTS_DIR)/GeoPattern.app/GeoPattern";
			};
			name = Debug;
		};
		AC1333C21AFC21C900C4190A /* Release */ = {
			isa = XCBuildConfiguration;
			buildSettings = {
				BUNDLE_LOADER = "$(TEST_HOST)";
				FRAMEWORK_SEARCH_PATHS = (
					"$(SDKROOT)/Developer/Library/Frameworks",
					"$(inherited)",
				);
				INFOPLIST_FILE = GeoPatternTests/Info.plist;
				LD_RUNPATH_SEARCH_PATHS = "$(inherited) @executable_path/Frameworks @loader_path/Frameworks";
				PRODUCT_NAME = "$(TARGET_NAME)";
				TEST_HOST = "$(BUILT_PRODUCTS_DIR)/GeoPattern.app/GeoPattern";
			};
			name = Release;
		};
/* End XCBuildConfiguration section */

/* Begin XCConfigurationList section */
		AC1333951AFC21C900C4190A /* Build configuration list for PBXProject "GeoPattern" */ = {
			isa = XCConfigurationList;
			buildConfigurations = (
				AC1333BB1AFC21C900C4190A /* Debug */,
				AC1333BC1AFC21C900C4190A /* Release */,
			);
			defaultConfigurationIsVisible = 0;
			defaultConfigurationName = Release;
		};
		AC1333BD1AFC21C900C4190A /* Build configuration list for PBXNativeTarget "GeoPattern" */ = {
			isa = XCConfigurationList;
			buildConfigurations = (
				AC1333BE1AFC21C900C4190A /* Debug */,
				AC1333BF1AFC21C900C4190A /* Release */,
			);
			defaultConfigurationIsVisible = 0;
			defaultConfigurationName = Release;
		};
		AC1333C01AFC21C900C4190A /* Build configuration list for PBXNativeTarget "GeoPatternTests" */ = {
			isa = XCConfigurationList;
			buildConfigurations = (
				AC1333C11AFC21C900C4190A /* Debug */,
				AC1333C21AFC21C900C4190A /* Release */,
			);
			defaultConfigurationIsVisible = 0;
			defaultConfigurationName = Release;
		};
/* End XCConfigurationList section */
	};
	rootObject = AC1333921AFC21C900C4190A /* Project object */;
}
